
Microsoft Visual Studio Solution File, Format Version 12.00
# Visual Studio Version 17
VisualStudioVersion = 17.14.36414.22 d17.14
MinimumVisualStudioVersion = 10.0.40219.1
Project("{FAE04EC0-301F-11D3-BF4B-00C04F79EFBC}") = "CopilotDemo", "CopilotDemo\CopilotDemo.csproj", "{4291F10E-DD81-450E-A573-3BFCDAF68C44}"
EndProject
Global
	GlobalSection(SolutionConfigurationPlatforms) = preSolution
		Debug|Any CPU = Debug|Any CPU
		Release|Any CPU = Release|Any CPU
	EndGlobalSection
	GlobalSection(ProjectConfigurationPlatforms) = postSolution
		{4291F10E-DD81-450E-A573-3BFCDAF68C44}.Debug|Any CPU.ActiveCfg = Debug|Any CPU
		{4291F10E-DD81-450E-A573-3BFCDAF68C44}.Debug|Any CPU.Build.0 = Debug|Any CPU
		{4291F10E-DD81-450E-A573-3BFCDAF68C44}.Release|Any CPU.ActiveCfg = Release|Any CPU
		{4291F10E-DD81-450E-A573-3BFCDAF68C44}.Release|Any CPU.Build.0 = Release|Any CPU
	EndGlobalSection
	GlobalSection(SolutionProperties) = preSolution
		HideSolutionNode = FALSE
	EndGlobalSection
	GlobalSection(ExtensibilityGlobals) = postSolution
		SolutionGuid = {CABC3DFB-2971-402A-BDF3-8EEE6855C4BA}
	EndGlobalSection
EndGlobal
